
Microsoft Visual Studio Solution File, Format Version 12.00
# Visual Studio Version 16
VisualStudioVersion = 16.0.30523.141
MinimumVisualStudioVersion = 10.0.40219.1
Project("{FAE04EC0-301F-11D3-BF4B-00C04F79EFBC}") = "TestIntersectsRect", "TestIntersectsRect\TestIntersectsRect.csproj", "{8ED4060A-3643-4FF8-BF4A-8372BCF9E1FF}"
EndProject
Global
	GlobalSection(SolutionConfigurationPlatforms) = preSolution
		Debug|Any CPU = Debug|Any CPU
		Release|Any CPU = Release|Any CPU
	EndGlobalSection
	GlobalSection(ProjectConfigurationPlatforms) = postSolution
		{8ED4060A-3643-4FF8-BF4A-8372BCF9E1FF}.Debug|Any CPU.ActiveCfg = Debug|Any CPU
		{8ED4060A-3643-4FF8-BF4A-8372BCF9E1FF}.Debug|Any CPU.Build.0 = Debug|Any CPU
		{8ED4060A-3643-4FF8-BF4A-8372BCF9E1FF}.Release|Any CPU.ActiveCfg = Release|Any CPU
		{8ED4060A-3643-4FF8-BF4A-8372BCF9E1FF}.Release|Any CPU.Build.0 = Release|Any CPU
	EndGlobalSection
	GlobalSection(SolutionProperties) = preSolution
		HideSolutionNode = FALSE
	EndGlobalSection
	GlobalSection(ExtensibilityGlobals) = postSolution
		SolutionGuid = {54F263AE-569E-4B64-88B4-803607C88B63}
	EndGlobalSection
EndGlobal
